
Microsoft Visual Studio Solution File, Format Version 12.00
# Visual Studio 14
VisualStudioVersion = 14.0.25420.1
MinimumVisualStudioVersion = 10.0.40219.1
Project("{FAE04EC0-301F-11D3-BF4B-00C04F79EFBC}") = "CacheXt.Core", "CacheXt.Core\CacheXt.Core.csproj", "{7E524539-9041-414B-A31C-EB4325357909}"
EndProject
Project("{FAE04EC0-301F-11D3-BF4B-00C04F79EFBC}") = "UnitTests", "UnitTests\UnitTests.csproj", "{513D90DB-4A33-4571-9204-72556A602964}"
EndProject
Project("{FAE04EC0-301F-11D3-BF4B-00C04F79EFBC}") = "CacheXt.NCache", "CacheXt.NCache\CacheXt.NCache.csproj", "{AC8F6015-DEDA-446B-BAA5-E178B4E596EF}"
EndProject
Global
	GlobalSection(SolutionConfigurationPlatforms) = preSolution
		Debug|Any CPU = Debug|Any CPU
		Release|Any CPU = Release|Any CPU
	EndGlobalSection
	GlobalSection(ProjectConfigurationPlatforms) = postSolution
		{7E524539-9041-414B-A31C-EB4325357909}.Debug|Any CPU.ActiveCfg = Debug|Any CPU
		{7E524539-9041-414B-A31C-EB4325357909}.Debug|Any CPU.Build.0 = Debug|Any CPU
		{7E524539-9041-414B-A31C-EB4325357909}.Release|Any CPU.ActiveCfg = Release|Any CPU
		{7E524539-9041-414B-A31C-EB4325357909}.Release|Any CPU.Build.0 = Release|Any CPU
		{513D90DB-4A33-4571-9204-72556A602964}.Debug|Any CPU.ActiveCfg = Debug|Any CPU
		{513D90DB-4A33-4571-9204-72556A602964}.Debug|Any CPU.Build.0 = Debug|Any CPU
		{513D90DB-4A33-4571-9204-72556A602964}.Release|Any CPU.ActiveCfg = Release|Any CPU
		{513D90DB-4A33-4571-9204-72556A602964}.Release|Any CPU.Build.0 = Release|Any CPU
		{AC8F6015-DEDA-446B-BAA5-E178B4E596EF}.Debug|Any CPU.ActiveCfg = Debug|Any CPU
		{AC8F6015-DEDA-446B-BAA5-E178B4E596EF}.Debug|Any CPU.Build.0 = Debug|Any CPU
		{AC8F6015-DEDA-446B-BAA5-E178B4E596EF}.Release|Any CPU.ActiveCfg = Release|Any CPU
		{AC8F6015-DEDA-446B-BAA5-E178B4E596EF}.Release|Any CPU.Build.0 = Release|Any CPU
	EndGlobalSection
	GlobalSection(SolutionProperties) = preSolution
		HideSolutionNode = FALSE
	EndGlobalSection
EndGlobal
